
Microsoft Visual Studio Solution File, Format Version 12.00
# Visual Studio Version 17
VisualStudioVersion = 17.8.34316.72
MinimumVisualStudioVersion = 10.0.40219.1
Project("{FAE04EC0-301F-11D3-BF4B-00C04F79EFBC}") = "AplicatieMobila", "AplicatieMobila.csproj", "{6FB8B5C5-53CE-49C0-B589-3070199837DD}"
EndProject
Global
	GlobalSection(SolutionConfigurationPlatforms) = preSolution
		Debug|Any CPU = Debug|Any CPU
		Release|Any CPU = Release|Any CPU
	EndGlobalSection
	GlobalSection(ProjectConfigurationPlatforms) = postSolution
		{6FB8B5C5-53CE-49C0-B589-3070199837DD}.Debug|Any CPU.ActiveCfg = Debug|Any CPU
		{6FB8B5C5-53CE-49C0-B589-3070199837DD}.Debug|Any CPU.Build.0 = Debug|Any CPU
		{6FB8B5C5-53CE-49C0-B589-3070199837DD}.Debug|Any CPU.Deploy.0 = Debug|Any CPU
		{6FB8B5C5-53CE-49C0-B589-3070199837DD}.Release|Any CPU.ActiveCfg = Release|Any CPU
		{6FB8B5C5-53CE-49C0-B589-3070199837DD}.Release|Any CPU.Build.0 = Release|Any CPU
		{6FB8B5C5-53CE-49C0-B589-3070199837DD}.Release|Any CPU.Deploy.0 = Release|Any CPU
	EndGlobalSection
	GlobalSection(SolutionProperties) = preSolution
		HideSolutionNode = FALSE
	EndGlobalSection
	GlobalSection(ExtensibilityGlobals) = postSolution
		SolutionGuid = {B1726B3B-020E-4BC8-9758-CFEF7B2FF50F}
	EndGlobalSection
EndGlobal
